
Microsoft Visual Studio Solution File, Format Version 12.00
# Visual Studio Version 16
VisualStudioVersion = 16.0.31702.278
MinimumVisualStudioVersion = 10.0.40219.1
Project("{8BC9CEB8-8B4A-11D0-8D11-00A0C91BC942}") = "Task1", "Task1\Task1.vcxproj", "{6735FC5D-4170-40EB-9AB4-FDFC88F573B4}"
EndProject
Project("{8BC9CEB8-8B4A-11D0-8D11-00A0C91BC942}") = "Task2", "Task2\Task2.vcxproj", "{18BA9409-1C5B-4391-AB9B-3972E4DD80E4}"
EndProject
Project("{8BC9CEB8-8B4A-11D0-8D11-00A0C91BC942}") = "Task3", "Task3\Task3.vcxproj", "{38778031-A538-4DAA-8739-C4A57B5E0B62}"
EndProject
Project("{8BC9CEB8-8B4A-11D0-8D11-00A0C91BC942}") = "Task4", "Task4\Task4.vcxproj", "{B45A6B88-F655-4A52-906B-39C87B1E2FCA}"
EndProject
Project("{8BC9CEB8-8B4A-11D0-8D11-00A0C91BC942}") = "Task5", "Task5\Task5.vcxproj", "{6C548C42-6324-4A9A-B132-80D0659E307C}"
EndProject
Project("{8BC9CEB8-8B4A-11D0-8D11-00A0C91BC942}") = "Task6", "Task6\Task6.vcxproj", "{F4767FFB-95A7-4EC3-93FC-F4DF43D23326}"
EndProject
Global
	GlobalSection(SolutionConfigurationPlatforms) = preSolution
		Debug|x64 = Debug|x64
		Debug|x86 = Debug|x86
		Release|x64 = Release|x64
		Release|x86 = Release|x86
	EndGlobalSection
	GlobalSection(ProjectConfigurationPlatforms) = postSolution
		{6735FC5D-4170-40EB-9AB4-FDFC88F573B4}.Debug|x64.ActiveCfg = Debug|x64
		{6735FC5D-4170-40EB-9AB4-FDFC88F573B4}.Debug|x64.Build.0 = Debug|x64
		{6735FC5D-4170-40EB-9AB4-FDFC88F573B4}.Debug|x86.ActiveCfg = Debug|Win32
		{6735FC5D-4170-40EB-9AB4-FDFC88F573B4}.Debug|x86.Build.0 = Debug|Win32
		{6735FC5D-4170-40EB-9AB4-FDFC88F573B4}.Release|x64.ActiveCfg = Release|x64
		{6735FC5D-4170-40EB-9AB4-FDFC88F573B4}.Release|x64.Build.0 = Release|x64
		{6735FC5D-4170-40EB-9AB4-FDFC88F573B4}.Release|x86.ActiveCfg = Release|Win32
		{6735FC5D-4170-40EB-9AB4-FDFC88F573B4}.Release|x86.Build.0 = Release|Win32
		{18BA9409-1C5B-4391-AB9B-3972E4DD80E4}.Debug|x64.ActiveCfg = Debug|x64
		{18BA9409-1C5B-4391-AB9B-3972E4DD80E4}.Debug|x64.Build.0 = Debug|x64
		{18BA9409-1C5B-4391-AB9B-3972E4DD80E4}.Debug|x86.ActiveCfg = Debug|Win32
		{18BA9409-1C5B-4391-AB9B-3972E4DD80E4}.Debug|x86.Build.0 = Debug|Win32
		{18BA9409-1C5B-4391-AB9B-3972E4DD80E4}.Release|x64.ActiveCfg = Release|x64
		{18BA9409-1C5B-4391-AB9B-3972E4DD80E4}.Release|x64.Build.0 = Release|x64
		{18BA9409-1C5B-4391-AB9B-3972E4DD80E4}.Release|x86.ActiveCfg = Release|Win32
		{18BA9409-1C5B-4391-AB9B-3972E4DD80E4}.Release|x86.Build.0 = Release|Win32
		{38778031-A538-4DAA-8739-C4A57B5E0B62}.Debug|x64.ActiveCfg = Debug|x64
		{38778031-A538-4DAA-8739-C4A57B5E0B62}.Debug|x64.Build.0 = Debug|x64
		{38778031-A538-4DAA-8739-C4A57B5E0B62}.Debug|x86.ActiveCfg = Debug|Win32
		{38778031-A538-4DAA-8739-C4A57B5E0B62}.Debug|x86.Build.0 = Debug|Win32
		{38778031-A538-4DAA-8739-C4A57B5E0B62}.Release|x64.ActiveCfg = Release|x64
		{38778031-A538-4DAA-8739-C4A57B5E0B62}.Release|x64.Build.0 = Release|x64
		{38778031-A538-4DAA-8739-C4A57B5E0B62}.Release|x86.ActiveCfg = Release|Win32
		{38778031-A538-4DAA-8739-C4A57B5E0B62}.Release|x86.Build.0 = Release|Win32
		{B45A6B88-F655-4A52-906B-39C87B1E2FCA}.Debug|x64.ActiveCfg = Debug|x64
		{B45A6B88-F655-4A52-906B-39C87B1E2FCA}.Debug|x64.Build.0 = Debug|x64
		{B45A6B88-F655-4A52-906B-39C87B1E2FCA}.Debug|x86.ActiveCfg = Debug|Win32
		{B45A6B88-F655-4A52-906B-39C87B1E2FCA}.Debug|x86.Build.0 = Debug|Win32
		{B45A6B88-F655-4A52-906B-39C87B1E2FCA}.Release|x64.ActiveCfg = Release|x64
		{B45A6B88-F655-4A52-906B-39C87B1E2FCA}.Release|x64.Build.0 = Release|x64
		{B45A6B88-F655-4A52-906B-39C87B1E2FCA}.Release|x86.ActiveCfg = Release|Win32
		{B45A6B88-F655-4A52-906B-39C87B1E2FCA}.Release|x86.Build.0 = Release|Win32
		{6C548C42-6324-4A9A-B132-80D0659E307C}.Debug|x64.ActiveCfg = Debug|x64
		{6C548C42-6324-4A9A-B132-80D0659E307C}.Debug|x64.Build.0 = Debug|x64
		{6C548C42-6324-4A9A-B132-80D0659E307C}.Debug|x86.ActiveCfg = Debug|Win32
		{6C548C42-6324-4A9A-B132-80D0659E307C}.Debug|x86.Build.0 = Debug|Win32
		{6C548C42-6324-4A9A-B132-80D0659E307C}.Release|x64.ActiveCfg = Release|x64
		{6C548C42-6324-4A9A-B132-80D0659E307C}.Release|x64.Build.0 = Release|x64
		{6C548C42-6324-4A9A-B132-80D0659E307C}.Release|x86.ActiveCfg = Release|Win32
		{6C548C42-6324-4A9A-B132-80D0659E307C}.Release|x86.Build.0 = Release|Win32
		{F4767FFB-95A7-4EC3-93FC-F4DF43D23326}.Debug|x64.ActiveCfg = Debug|x64
		{F4767FFB-95A7-4EC3-93FC-F4DF43D23326}.Debug|x64.Build.0 = Debug|x64
		{F4767FFB-95A7-4EC3-93FC-F4DF43D23326}.Debug|x86.ActiveCfg = Debug|Win32
		{F4767FFB-95A7-4EC3-93FC-F4DF43D23326}.Debug|x86.Build.0 = Debug|Win32
		{F4767FFB-95A7-4EC3-93FC-F4DF43D23326}.Release|x64.ActiveCfg = Release|x64
		{F4767FFB-95A7-4EC3-93FC-F4DF43D23326}.Release|x64.Build.0 = Release|x64
		{F4767FFB-95A7-4EC3-93FC-F4DF43D23326}.Release|x86.ActiveCfg = Release|Win32
		{F4767FFB-95A7-4EC3-93FC-F4DF43D23326}.Release|x86.Build.0 = Release|Win32
	EndGlobalSection
	GlobalSection(SolutionProperties) = preSolution
		HideSolutionNode = FALSE
	EndGlobalSection
	GlobalSection(ExtensibilityGlobals) = postSolution
		SolutionGuid = {814433CA-9BB0-4E68-9432-B459DC76F5EE}
	EndGlobalSection
EndGlobal
